<Solution>
  <Folder Name="/Solution Items/">
    <File Path="run-accessor.ps1" />
    <File Path="run-manager.ps1" />
  </Folder>
  <Project Path="docker-compose.dcproj">
    <Build />
  </Project>
  <Project Path="ToDoApp.Accessor/ToDoApp.Accessor.csproj" />
  <Project Path="ToDoApp.Contracts/ToDoApp.Contracts.csproj" />
  <Project Path="ToDoApp.Desktop/ToDoApp.Desktop.csproj" Id="efccba9b-118c-4b7f-9935-8838f69d35f5" />
  <Project Path="ToDoApp.Manager/ToDoApp.Manager.csproj" />
</Solution>
